// !$*UTF8*$!
{
	archiveVersion = 1;
	classes = {
	};
	objectVersion = 46;
	objects = {

/* Begin PBXBuildFile section */
		C5995A25233F1AB60017C158 /* AppDelegate.swift in Sources */ = {isa = PBXBuildFile; fileRef = C5995A24233F1AB60017C158 /* AppDelegate.swift */; };
		C5995A27233F1AB60017C158 /* ViewController.swift in Sources */ = {isa = PBXBuildFile; fileRef = C5995A26233F1AB60017C158 /* ViewController.swift */; };
		C5995A2A233F1AB60017C158 /* Main.storyboard in Resources */ = {isa = PBXBuildFile; fileRef = C5995A28233F1AB60017C158 /* Main.storyboard */; };
		C5995A2C233F1AB60017C158 /* Assets.xcassets in Resources */ = {isa = PBXBuildFile; fileRef = C5995A2B233F1AB60017C158 /* Assets.xcassets */; };
		C5995A2F233F1AB60017C158 /* LaunchScreen.storyboard in Resources */ = {isa = PBXBuildFile; fileRef = C5995A2D233F1AB60017C158 /* LaunchScreen.storyboard */; };
/* End PBXBuildFile section */

/* Begin PBXFileReference section */
		C5995A21233F1AB60017C158 /* Geofence.app */ = {isa = PBXFileReference; explicitFileType = wrapper.application; includeInIndex = 0; path = Geofence.app; sourceTree = BUILT_PRODUCTS_DIR; };
		C5995A24233F1AB60017C158 /* AppDelegate.swift */ = {isa = PBXFileReference; lastKnownFileType = sourcecode.swift; path = AppDelegate.swift; sourceTree = "<group>"; };
		C5995A26233F1AB60017C158 /* ViewController.swift */ = {isa = PBXFileReference; lastKnownFileType = sourcecode.swift; path = ViewController.swift; sourceTree = "<group>"; };
		C5995A29233F1AB60017C158 /* Base */ = {isa = PBXFileReference; lastKnownFileType = file.storyboard; name = Base; path = Base.lproj/Main.storyboard; sourceTree = "<group>"; };
		C5995A2B233F1AB60017C158 /* Assets.xcassets */ = {isa = PBXFileReference; lastKnownFileType = folder.assetcatalog; path = Assets.xcassets; sourceTree = "<group>"; };
		C5995A2E233F1AB60017C158 /* Base */ = {isa = PBXFileReference; lastKnownFileType = file.storyboard; name = Base; path = Base.lproj/LaunchScreen.storyboard; sourceTree = "<group>"; };
		C5995A30233F1AB60017C158 /* Info.plist */ = {isa = PBXFileReference; lastKnownFileType = text.plist.xml; path = Info.plist; sourceTree = "<group>"; };
/* End PBXFileReference section */

/* Begin PBXFrameworksBuildPhase section */
		C5995A1E233F1AB60017C158 /* Frameworks */ = {
			isa = PBXFrameworksBuildPhase;
			buildActionMask = 2147483647;
			files = (
			);
			runOnlyForDeploymentPostprocessing = 0;
		};
/* End PBXFrameworksBuildPhase section */

/* Begin PBXGroup section */
		C5995A18233F1AB60017C158 = {
			isa = PBXGroup;
			children = (
				C5995A23233F1AB60017C158 /* Geofence */,
				C5995A22233F1AB60017C158 /* Products */,
			);
			sourceTree = "<group>";
		};
		C5995A22233F1AB60017C158 /* Products */ = {
			isa = PBXGroup;
			children = (
				C5995A21233F1AB60017C158 /* Geofence.app */,
			);
			name = Products;
			sourceTree = "<group>";
		};
		C5995A23233F1AB60017C158 /* Geofence */ = {
			isa = PBXGroup;
			children = (
				C5995A24233F1AB60017C158 /* AppDelegate.swift */,
				C5995A26233F1AB60017C158 /* ViewController.swift */,
				C5995A28233F1AB60017C158 /* Main.storyboard */,
				C5995A2B233F1AB60017C158 /* Assets.xcassets */,
				C5995A2D233F1AB60017C158 /* LaunchScreen.storyboard */,
				C5995A30233F1AB60017C158 /* Info.plist */,
			);
			path = Geofence;
			sourceTree = "<group>";
		};
/* End PBXGroup section */

/* Begin PBXNativeTarget section */
		C5995A20233F1AB60017C158 /* Geofence */ = {
			isa = PBXNativeTarget;
			buildConfigurationList = C5995A33233F1AB60017C158 /* Build configuration list for PBXNativeTarget "Geofence" */;
			buildPhases = (
				C5995A1D233F1AB60017C158 /* Sources */,
				C5995A1E233F1AB60017C158 /* Frameworks */,
				C5995A1F233F1AB60017C158 /* Resources */,
			);
			buildRules = (
			);
			dependencies = (
			);
			name = Geofence;
			productName = Geofence;
			productReference = C5995A21233F1AB60017C158 /* Geofence.app */;
			productType = "com.apple.product-type.application";
		};
/* End PBXNativeTarget section */

/* Begin PBXProject section */
		C5995A19233F1AB60017C158 /* Project object */ = {
			isa = PBXProject;
			attributes = {
				LastSwiftUpdateCheck = 0830;
				LastUpgradeCheck = 0830;
				ORGANIZATIONNAME = Settle;
				TargetAttributes = {
					C5995A20233F1AB60017C158 = {
						CreatedOnToolsVersion = 8.3.1;
						ProvisioningStyle = Automatic;
					};
				};
			};
			buildConfigurationList = C5995A1C233F1AB60017C158 /* Build configuration list for PBXProject "Geofence" */;
			compatibilityVersion = "Xcode 3.2";
			developmentRegion = English;
			hasScannedForEncodings = 0;
			knownRegions = (
				en,
				Base,
			);
			mainGroup = C5995A18233F1AB60017C158;
			productRefGroup = C5995A22233F1AB60017C158 /* Products */;
			projectDirPath = "";
			projectRoot = "";
			targets = (
				C5995A20233F1AB60017C158 /* Geofence */,
			);
		};
/* End PBXProject section */

/* Begin PBXResourcesBuildPhase section */
		C5995A1F233F1AB60017C158 /* Resources */ = {
			isa = PBXResourcesBuildPhase;
			buildActionMask = 2147483647;
			files = (
				C5995A2F233F1AB60017C158 /* LaunchScreen.storyboard in Resources */,
				C5995A2C233F1AB60017C158 /* Assets.xcassets in Resources */,
				C5995A2A233F1AB60017C158 /* Main.storyboard in Resources */,
			);
			runOnlyForDeploymentPostprocessing = 0;
		};
/* End PBXResourcesBuildPhase section */

/* Begin PBXSourcesBuildPhase section */
		C5995A1D233F1AB60017C158 /* Sources */ = {
			isa = PBXSourcesBuildPhase;
			buildActionMask = 2147483647;
			files = (
				C5995A27233F1AB60017C158 /* ViewController.swift in Sources */,
				C5995A25233F1AB60017C158 /* AppDelegate.swift in Sources */,
			);
			runOnlyForDeploymentPostprocessing = 0;
		};
/* End PBXSourcesBuildPhase section */

/* Begin PBXVariantGroup section */
		C5995A28233F1AB60017C158 /* Main.storyboard */ = {
			isa = PBXVariantGroup;
			children = (
				C5995A29233F1AB60017C158 /* Base */,
			);
			name = Main.storyboard;
			sourceTree = "<group>";
		};
		C5995A2D233F1AB60017C158 /* LaunchScreen.storyboard */ = {
			isa = PBXVariantGroup;
			children = (
				C5995A2E233F1AB60017C158 /* Base */,
			);
			name = LaunchScreen.storyboard;
			sourceTree = "<group>";
		};
/* End PBXVariantGroup section */

/* Begin XCBuildConfiguration section */
		C5995A31233F1AB60017C158 /* Debug */ = {
			isa = XCBuildConfiguration;
			buildSettings = {
				ALWAYS_SEARCH_USER_PATHS = NO;
				CLANG_ANALYZER_NONNULL = YES;
				CLANG_ANALYZER_NUMBER_OBJECT_CONVERSION = YES_AGGRESSIVE;
				CLANG_CXX_LANGUAGE_STANDARD = "gnu++0x";
				CLANG_CXX_LIBRARY = "libc++";
				CLANG_ENABLE_MODULES = YES;
				CLANG_ENABLE_OBJC_ARC = YES;
				CLANG_WARN_BOOL_CONVERSION = YES;
				CLANG_WARN_CONSTANT_CONVERSION = YES;
				CLANG_WARN_DIRECT_OBJC_ISA_USAGE = YES_ERROR;
				CLANG_WARN_DOCUMENTATION_COMMENTS = YES;
				CLANG_WARN_EMPTY_BODY = YES;
				CLANG_WARN_ENUM_CONVERSION = YES;
				CLANG_WARN_INFINITE_RECURSION = YES;
				CLANG_WARN_INT_CONVERSION = YES;
				CLANG_WARN_OBJC_ROOT_CLASS = YES_ERROR;
				CLANG_WARN_SUSPICIOUS_MOVE = YES;
				CLANG_WARN_UNREACHABLE_CODE = YES;
				CLANG_WARN__DUPLICATE_METHOD_MATCH = YES;
				"CODE_SIGN_IDENTITY[sdk=iphoneos*]" = "iPhone Developer";
				COPY_PHASE_STRIP = NO;
				DEBUG_INFORMATION_FORMAT = dwarf;
				ENABLE_STRICT_OBJC_MSGSEND = YES;
				ENABLE_TESTABILITY = YES;
				GCC_C_LANGUAGE_STANDARD = gnu99;
				GCC_DYNAMIC_NO_PIC = NO;
				GCC_NO_COMMON_BLOCKS = YES;
				GCC_OPTIMIZATION_LEVEL = 0;
				GCC_PREPROCESSOR_DEFINITIONS = (
					"DEBUG=1",
					"$(inherited)",
				);
				GCC_WARN_64_TO_32_BIT_CONVERSION = YES;
				GCC_WARN_ABOUT_RETURN_TYPE = YES_ERROR;
				GCC_WARN_UNDECLARED_SELECTOR = YES;
				GCC_WARN_UNINITIALIZED_AUTOS = YES_AGGRESSIVE;
				GCC_WARN_UNUSED_FUNCTION = YES;
				GCC_WARN_UNUSED_VARIABLE = YES;
				IPHONEOS_DEPLOYMENT_TARGET = 10.3;
				MTL_ENABLE_DEBUG_INFO = YES;
				ONLY_ACTIVE_ARCH = YES;
				SDKROOT = iphoneos;
				SWIFT_ACTIVE_COMPILATION_CONDITIONS = DEBUG;
				SWIFT_OPTIMIZATION_LEVEL = "-Onone";
			};
			name = Debug;
		};
		C5995A32233F1AB60017C158 /* Release */ = {
			isa = XCBuildConfiguration;
			buildSettings = {
				ALWAYS_SEARCH_USER_PATHS = NO;
				CLANG_ANALYZER_NONNULL = YES;
				CLANG_ANALYZER_NUMBER_OBJECT_CONVERSION = YES_AGGRESSIVE;
				CLANG_CXX_LANGUAGE_STANDARD = "gnu++0x";
				CLANG_CXX_LIBRARY = "libc++";
				CLANG_ENABLE_MODULES = YES;
				CLANG_ENABLE_OBJC_ARC = YES;
				CLANG_WARN_BOOL_CONVERSION = YES;
				CLANG_WARN_CONSTANT_CONVERSION = YES;
				CLANG_WARN_DIRECT_OBJC_ISA_USAGE = YES_ERROR;
				CLANG_WARN_DOCUMENTATION_COMMENTS = YES;
				CLANG_WARN_EMPTY_BODY = YES;
				CLANG_WARN_ENUM_CONVERSION = YES;
				CLANG_WARN_INFINITE_RECURSION = YES;
				CLANG_WARN_INT_CONVERSION = YES;
				CLANG_WARN_OBJC_ROOT_CLASS = YES_ERROR;
				CLANG_WARN_SUSPICIOUS_MOVE = YES;
				CLANG_WARN_UNREACHABLE_CODE = YES;
				CLANG_WARN__DUPLICATE_METHOD_MATCH = YES;
				"CODE_SIGN_IDENTITY[sdk=iphoneos*]" = "iPhone Developer";
				COPY_PHASE_STRIP = NO;
				DEBUG_INFORMATION_FORMAT = "dwarf-with-dsym";
				ENABLE_NS_ASSERTIONS = NO;
				ENABLE_STRICT_OBJC_MSGSEND = YES;
				GCC_C_LANGUAGE_STANDARD = gnu99;
				GCC_NO_COMMON_BLOCKS = YES;
				GCC_WARN_64_TO_32_BIT_CONVERSION = YES;
				GCC_WARN_ABOUT_RETURN_TYPE = YES_ERROR;
				GCC_WARN_UNDECLARED_SELECTOR = YES;
				GCC_WARN_UNINITIALIZED_AUTOS = YES_AGGRESSIVE;
				GCC_WARN_UNUSED_FUNCTION = YES;
				GCC_WARN_UNUSED_VARIABLE = YES;
				IPHONEOS_DEPLOYMENT_TARGET = 10.3;
				MTL_ENABLE_DEBUG_INFO = NO;
				SDKROOT = iphoneos;
				SWIFT_OPTIMIZATION_LEVEL = "-Owholemodule";
				VALIDATE_PRODUCT = YES;
			};
			name = Release;
		};
		C5995A34233F1AB60017C158 /* Debug */ = {
			isa = XCBuildConfiguration;
			buildSettings = {
				ASSETCATALOG_COMPILER_APPICON_NAME = AppIcon;
				INFOPLIST_FILE = Geofence/Info.plist;
				LD_RUNPATH_SEARCH_PATHS = "$(inherited) @executable_path/Frameworks";
				PRODUCT_BUNDLE_IDENTIFIER = com.settle.Geofence;
				PRODUCT_NAME = "$(TARGET_NAME)";
				SWIFT_VERSION = 3.0;
			};
			name = Debug;
		};
		C5995A35233F1AB60017C158 /* Release */ = {
			isa = XCBuildConfiguration;
			buildSettings = {
				ASSETCATALOG_COMPILER_APPICON_NAME = AppIcon;
				INFOPLIST_FILE = Geofence/Info.plist;
				LD_RUNPATH_SEARCH_PATHS = "$(inherited) @executable_path/Frameworks";
				PRODUCT_BUNDLE_IDENTIFIER = com.settle.Geofence;
				PRODUCT_NAME = "$(TARGET_NAME)";
				SWIFT_VERSION = 3.0;
			};
			name = Release;
		};
/* End XCBuildConfiguration section */

/* Begin XCConfigurationList section */
		C5995A1C233F1AB60017C158 /* Build configuration list for PBXProject "Geofence" */ = {
			isa = XCConfigurationList;
			buildConfigurations = (
				C5995A31233F1AB60017C158 /* Debug */,
				C5995A32233F1AB60017C158 /* Release */,
			);
			defaultConfigurationIsVisible = 0;
			defaultConfigurationName = Release;
		};
		C5995A33233F1AB60017C158 /* Build configuration list for PBXNativeTarget "Geofence" */ = {
			isa = XCConfigurationList;
			buildConfigurations = (
				C5995A34233F1AB60017C158 /* Debug */,
				C5995A35233F1AB60017C158 /* Release */,
			);
			defaultConfigurationIsVisible = 0;
		};
/* End XCConfigurationList section */
	};
	rootObject = C5995A19233F1AB60017C158 /* Project object */;
}
